// !$*UTF8*$!
{
	archiveVersion = 1;
	classes = {
	};
	objectVersion = 46;
	objects = {

/* Begin PBXFileReference section */
		7A27D68513C7D02700E05BF1 /* HitBox.as */ = {isa = PBXFileReference; explicitFileType = sourcecode.javascript; fileEncoding = 4; name = HitBox.as; path = code/HitBox.as; sourceTree = "<group>"; };
		7A27D68713CA5C6600E05BF1 /* KillCounter.as */ = {isa = PBXFileReference; explicitFileType = sourcecode.javascript; fileEncoding = 4; name = KillCounter.as; path = code/KillCounter.as; sourceTree = "<group>"; };
		7A27D68813CA627200E05BF1 /* Meter.as */ = {isa = PBXFileReference; explicitFileType = sourcecode.javascript; fileEncoding = 4; name = Meter.as; path = code/Meter.as; sourceTree = "<group>"; };
		7AA58F5813CADD7F00D52B24 /* game_data */ = {isa = PBXFileReference; lastKnownFileType = folder; path = game_data; sourceTree = "<group>"; };
		7AA58F5F13CE627500D52B24 /* LevelTimer.as */ = {isa = PBXFileReference; explicitFileType = sourcecode.javascript; fileEncoding = 4; name = LevelTimer.as; path = code/LevelTimer.as; sourceTree = "<group>"; };
		7ABC6EC213BEB4370007FF9B /* Assets.as */ = {isa = PBXFileReference; explicitFileType = sourcecode.javascript; fileEncoding = 4; name = Assets.as; path = code/Assets.as; sourceTree = "<group>"; };
		7ABC6EC513BEF81D0007FF9B /* MathUtil.as */ = {isa = PBXFileReference; explicitFileType = sourcecode.javascript; fileEncoding = 4; name = MathUtil.as; path = code/MathUtil.as; sourceTree = "<group>"; };
		7AC8114A13BE420D00656C2A /* autotiles.png */ = {isa = PBXFileReference; lastKnownFileType = image.png; path = autotiles.png; sourceTree = "<group>"; };
		7AC8114B13BE420D00656C2A /* autotiles_alt.png */ = {isa = PBXFileReference; lastKnownFileType = image.png; path = autotiles_alt.png; sourceTree = "<group>"; };
		7AC8114C13BE420D00656C2A /* beep.mp3 */ = {isa = PBXFileReference; lastKnownFileType = audio.mp3; path = beep.mp3; sourceTree = "<group>"; };
		7AC8114D13BE420D00656C2A /* button.png */ = {isa = PBXFileReference; lastKnownFileType = image.png; path = button.png; sourceTree = "<group>"; };
		7AC8114E13BE420D00656C2A /* cursor.png */ = {isa = PBXFileReference; lastKnownFileType = image.png; path = cursor.png; sourceTree = "<group>"; };
		7AC8114F13BE420D00656C2A /* default.png */ = {isa = PBXFileReference; lastKnownFileType = image.png; path = default.png; sourceTree = "<group>"; };
		7AC8115013BE420D00656C2A /* handle.png */ = {isa = PBXFileReference; lastKnownFileType = image.png; path = handle.png; sourceTree = "<group>"; };
		7AC8115113BE420D00656C2A /* logo.png */ = {isa = PBXFileReference; lastKnownFileType = image.png; path = logo.png; sourceTree = "<group>"; };
		7AC8115213BE420D00656C2A /* logo_corners.png */ = {isa = PBXFileReference; lastKnownFileType = image.png; path = logo_corners.png; sourceTree = "<group>"; };
		7AC8115313BE420D00656C2A /* logo_light.png */ = {isa = PBXFileReference; lastKnownFileType = image.png; path = logo_light.png; sourceTree = "<group>"; };
		7AC8115413BE420D00656C2A /* nokiafc22.ttf */ = {isa = PBXFileReference; lastKnownFileType = file; path = nokiafc22.ttf; sourceTree = "<group>"; };
		7AC8115613BE420D00656C2A /* flixel.png */ = {isa = PBXFileReference; lastKnownFileType = image.png; path = flixel.png; sourceTree = "<group>"; };
		7AC8115713BE420D00656C2A /* open.png */ = {isa = PBXFileReference; lastKnownFileType = image.png; path = open.png; sourceTree = "<group>"; };
		7AC8115813BE420D00656C2A /* pause.png */ = {isa = PBXFileReference; lastKnownFileType = image.png; path = pause.png; sourceTree = "<group>"; };
		7AC8115913BE420D00656C2A /* play.png */ = {isa = PBXFileReference; lastKnownFileType = image.png; path = play.png; sourceTree = "<group>"; };
		7AC8115A13BE420D00656C2A /* record_off.png */ = {isa = PBXFileReference; lastKnownFileType = image.png; path = record_off.png; sourceTree = "<group>"; };
		7AC8115B13BE420D00656C2A /* record_on.png */ = {isa = PBXFileReference; lastKnownFileType = image.png; path = record_on.png; sourceTree = "<group>"; };
		7AC8115C13BE420D00656C2A /* restart.png */ = {isa = PBXFileReference; lastKnownFileType = image.png; path = restart.png; sourceTree = "<group>"; };
		7AC8115D13BE420D00656C2A /* step.png */ = {isa = PBXFileReference; lastKnownFileType = image.png; path = step.png; sourceTree = "<group>"; };
		7AC8115E13BE420D00656C2A /* stop.png */ = {isa = PBXFileReference; lastKnownFileType = image.png; path = stop.png; sourceTree = "<group>"; };
		7AC8116013BE420D00656C2A /* bounds.png */ = {isa = PBXFileReference; lastKnownFileType = image.png; path = bounds.png; sourceTree = "<group>"; };
		7AC8116113BE420D00656C2A /* FlxBasic.as */ = {isa = PBXFileReference; explicitFileType = sourcecode.javascript; fileEncoding = 4; path = FlxBasic.as; sourceTree = "<group>"; };
		7AC8116213BE420D00656C2A /* FlxButton.as */ = {isa = PBXFileReference; explicitFileType = sourcecode.javascript; fileEncoding = 4; path = FlxButton.as; sourceTree = "<group>"; };
		7AC8116313BE420D00656C2A /* FlxCamera.as */ = {isa = PBXFileReference; explicitFileType = sourcecode.javascript; fileEncoding = 4; path = FlxCamera.as; sourceTree = "<group>"; };
		7AC8116413BE420D00656C2A /* FlxEmitter.as */ = {isa = PBXFileReference; explicitFileType = sourcecode.javascript; fileEncoding = 4; path = FlxEmitter.as; sourceTree = "<group>"; };
		7AC8116513BE420D00656C2A /* FlxG.as */ = {isa = PBXFileReference; explicitFileType = sourcecode.javascript; fileEncoding = 4; path = FlxG.as; sourceTree = "<group>"; };
		7AC8116613BE420D00656C2A /* FlxGame.as */ = {isa = PBXFileReference; explicitFileType = sourcecode.javascript; fileEncoding = 4; path = FlxGame.as; sourceTree = "<group>"; };
		7AC8116713BE420D00656C2A /* FlxGroup.as */ = {isa = PBXFileReference; explicitFileType = sourcecode.javascript; fileEncoding = 4; path = FlxGroup.as; sourceTree = "<group>"; };
		7AC8116813BE420D00656C2A /* FlxObject.as */ = {isa = PBXFileReference; explicitFileType = sourcecode.javascript; fileEncoding = 4; path = FlxObject.as; sourceTree = "<group>"; };
		7AC8116913BE420D00656C2A /* FlxParticle.as */ = {isa = PBXFileReference; explicitFileType = sourcecode.javascript; fileEncoding = 4; path = FlxParticle.as; sourceTree = "<group>"; };
		7AC8116A13BE420D00656C2A /* FlxPath.as */ = {isa = PBXFileReference; explicitFileType = sourcecode.javascript; fileEncoding = 4; path = FlxPath.as; sourceTree = "<group>"; };
		7AC8116B13BE420D00656C2A /* FlxPoint.as */ = {isa = PBXFileReference; explicitFileType = sourcecode.javascript; fileEncoding = 4; path = FlxPoint.as; sourceTree = "<group>"; };
		7AC8116C13BE420D00656C2A /* FlxRect.as */ = {isa = PBXFileReference; explicitFileType = sourcecode.javascript; fileEncoding = 4; path = FlxRect.as; sourceTree = "<group>"; };
		7AC8116D13BE420D00656C2A /* FlxSave.as */ = {isa = PBXFileReference; explicitFileType = sourcecode.javascript; fileEncoding = 4; path = FlxSave.as; sourceTree = "<group>"; };
		7AC8116E13BE420D00656C2A /* FlxSound.as */ = {isa = PBXFileReference; explicitFileType = sourcecode.javascript; fileEncoding = 4; path = FlxSound.as; sourceTree = "<group>"; };
		7AC8116F13BE420D00656C2A /* FlxSprite.as */ = {isa = PBXFileReference; explicitFileType = sourcecode.javascript; fileEncoding = 4; path = FlxSprite.as; sourceTree = "<group>"; };
		7AC8117013BE420D00656C2A /* FlxState.as */ = {isa = PBXFileReference; explicitFileType = sourcecode.javascript; fileEncoding = 4; path = FlxState.as; sourceTree = "<group>"; };
		7AC8117113BE420D00656C2A /* FlxText.as */ = {isa = PBXFileReference; explicitFileType = sourcecode.javascript; fileEncoding = 4; path = FlxText.as; sourceTree = "<group>"; };
		7AC8117213BE420D00656C2A /* FlxTileblock.as */ = {isa = PBXFileReference; explicitFileType = sourcecode.javascript; fileEncoding = 4; path = FlxTileblock.as; sourceTree = "<group>"; };
		7AC8117313BE420D00656C2A /* FlxTilemap.as */ = {isa = PBXFileReference; explicitFileType = sourcecode.javascript; fileEncoding = 4; path = FlxTilemap.as; sourceTree = "<group>"; };
		7AC8117413BE420D00656C2A /* FlxTimer.as */ = {isa = PBXFileReference; explicitFileType = sourcecode.javascript; fileEncoding = 4; path = FlxTimer.as; sourceTree = "<group>"; };
		7AC8117513BE420D00656C2A /* FlxU.as */ = {isa = PBXFileReference; explicitFileType = sourcecode.javascript; fileEncoding = 4; path = FlxU.as; sourceTree = "<group>"; };
		7AC8117713BE420D00656C2A /* DebugPathDisplay.as */ = {isa = PBXFileReference; fileEncoding = 4; lastKnownFileType = text; path = DebugPathDisplay.as; sourceTree = "<group>"; };
		7AC8117813BE420D00656C2A /* TimerManager.as */ = {isa = PBXFileReference; fileEncoding = 4; lastKnownFileType = text; path = TimerManager.as; sourceTree = "<group>"; };
		7AC8117B13BE420D00656C2A /* Log.as */ = {isa = PBXFileReference; fileEncoding = 4; lastKnownFileType = text; path = Log.as; sourceTree = "<group>"; };
		7AC8117C13BE420D00656C2A /* Perf.as */ = {isa = PBXFileReference; fileEncoding = 4; lastKnownFileType = text; path = Perf.as; sourceTree = "<group>"; };
		7AC8117D13BE420D00656C2A /* VCR.as */ = {isa = PBXFileReference; fileEncoding = 4; lastKnownFileType = text; path = VCR.as; sourceTree = "<group>"; };
		7AC8117E13BE420D00656C2A /* Vis.as */ = {isa = PBXFileReference; fileEncoding = 4; lastKnownFileType = text; path = Vis.as; sourceTree = "<group>"; };
		7AC8117F13BE420D00656C2A /* Watch.as */ = {isa = PBXFileReference; fileEncoding = 4; lastKnownFileType = text; path = Watch.as; sourceTree = "<group>"; };
		7AC8118013BE420D00656C2A /* WatchEntry.as */ = {isa = PBXFileReference; fileEncoding = 4; lastKnownFileType = text; path = WatchEntry.as; sourceTree = "<group>"; };
		7AC8118113BE420D00656C2A /* FlxAnim.as */ = {isa = PBXFileReference; explicitFileType = sourcecode.javascript; fileEncoding = 4; path = FlxAnim.as; sourceTree = "<group>"; };
		7AC8118213BE420D00656C2A /* FlxDebugger.as */ = {isa = PBXFileReference; explicitFileType = sourcecode.javascript; fileEncoding = 4; path = FlxDebugger.as; sourceTree = "<group>"; };
		7AC8118313BE420D00656C2A /* FlxList.as */ = {isa = PBXFileReference; explicitFileType = sourcecode.javascript; fileEncoding = 4; path = FlxList.as; sourceTree = "<group>"; };
		7AC8118413BE420D00656C2A /* FlxPreloader.as */ = {isa = PBXFileReference; explicitFileType = sourcecode.javascript; fileEncoding = 4; path = FlxPreloader.as; sourceTree = "<group>"; };
		7AC8118513BE420D00656C2A /* FlxQuadTree.as */ = {isa = PBXFileReference; explicitFileType = sourcecode.javascript; fileEncoding = 4; path = FlxQuadTree.as; sourceTree = "<group>"; };
		7AC8118613BE420D00656C2A /* FlxReplay.as */ = {isa = PBXFileReference; explicitFileType = sourcecode.javascript; fileEncoding = 4; path = FlxReplay.as; sourceTree = "<group>"; };
		7AC8118713BE420D00656C2A /* FlxTile.as */ = {isa = PBXFileReference; explicitFileType = sourcecode.javascript; fileEncoding = 4; path = FlxTile.as; sourceTree = "<group>"; };
		7AC8118813BE420D00656C2A /* FlxTilemapBuffer.as */ = {isa = PBXFileReference; explicitFileType = sourcecode.javascript; fileEncoding = 4; path = FlxTilemapBuffer.as; sourceTree = "<group>"; };
		7AC8118913BE420D00656C2A /* FlxWindow.as */ = {isa = PBXFileReference; explicitFileType = sourcecode.javascript; fileEncoding = 4; path = FlxWindow.as; sourceTree = "<group>"; };
		7AC8118B13BE420D00656C2A /* Input.as */ = {isa = PBXFileReference; fileEncoding = 4; lastKnownFileType = text; path = Input.as; sourceTree = "<group>"; };
		7AC8118C13BE420D00656C2A /* Keyboard.as */ = {isa = PBXFileReference; fileEncoding = 4; lastKnownFileType = text; path = Keyboard.as; sourceTree = "<group>"; };
		7AC8118D13BE420D00656C2A /* Mouse.as */ = {isa = PBXFileReference; fileEncoding = 4; lastKnownFileType = text; path = Mouse.as; sourceTree = "<group>"; };
		7AC8118F13BE420D00656C2A /* FrameRecord.as */ = {isa = PBXFileReference; fileEncoding = 4; lastKnownFileType = text; path = FrameRecord.as; sourceTree = "<group>"; };
		7AC8119013BE420D00656C2A /* MouseRecord.as */ = {isa = PBXFileReference; fileEncoding = 4; lastKnownFileType = text; path = MouseRecord.as; sourceTree = "<group>"; };
		7AC8119513BE420D00656C2A /* index.html */ = {isa = PBXFileReference; fileEncoding = 4; lastKnownFileType = text.html; path = index.html; sourceTree = "<group>"; };
		7AC8119613BE420D00656C2A /* README.md */ = {isa = PBXFileReference; fileEncoding = 4; lastKnownFileType = text; path = README.md; sourceTree = "<group>"; };
		7AC8119913BE427900656C2A /* Game.as */ = {isa = PBXFileReference; explicitFileType = sourcecode.javascript; fileEncoding = 4; name = Game.as; path = code/Game.as; sourceTree = "<group>"; };
		7AC8119A13BE445000656C2A /* MainMenuState.as */ = {isa = PBXFileReference; explicitFileType = sourcecode.javascript; fileEncoding = 4; name = MainMenuState.as; path = code/MainMenuState.as; sourceTree = "<group>"; };
		7AC811A213BE536500656C2A /* Preloader.as */ = {isa = PBXFileReference; explicitFileType = sourcecode.javascript; fileEncoding = 4; name = Preloader.as; path = code/Preloader.as; sourceTree = "<group>"; };
		7AC811A913BE8C2200656C2A /* Player.as */ = {isa = PBXFileReference; explicitFileType = sourcecode.javascript; fileEncoding = 4; name = Player.as; path = code/Player.as; sourceTree = "<group>"; };
		7AC811AB13BE8C5000656C2A /* Entity.as */ = {isa = PBXFileReference; explicitFileType = sourcecode.javascript; fileEncoding = 4; name = Entity.as; path = code/Entity.as; sourceTree = "<group>"; };
		7AC811AD13BE931300656C2A /* EntitySprite.as */ = {isa = PBXFileReference; explicitFileType = sourcecode.javascript; fileEncoding = 4; name = EntitySprite.as; path = code/EntitySprite.as; sourceTree = "<group>"; };
		7AC811AE13BE98C800656C2A /* LevelSelectState.as */ = {isa = PBXFileReference; explicitFileType = sourcecode.javascript; fileEncoding = 4; name = LevelSelectState.as; path = code/LevelSelectState.as; sourceTree = "<group>"; };
		7AC811B013BE9A0100656C2A /* PlayState.as */ = {isa = PBXFileReference; explicitFileType = sourcecode.javascript; fileEncoding = 4; name = PlayState.as; path = code/PlayState.as; sourceTree = "<group>"; };
		7AD0D08313BF9F7300E5A811 /* fonts */ = {isa = PBXFileReference; lastKnownFileType = folder; path = fonts; sourceTree = "<group>"; };
		7AD0D08413BF9F7300E5A811 /* images */ = {isa = PBXFileReference; lastKnownFileType = folder; path = images; sourceTree = "<group>"; };
		7AD0D08513BF9F7300E5A811 /* levels */ = {isa = PBXFileReference; lastKnownFileType = folder; path = levels; sourceTree = "<group>"; };
		7AD0D08813BFA0BE00E5A811 /* Level.as */ = {isa = PBXFileReference; explicitFileType = sourcecode.javascript; fileEncoding = 4; name = Level.as; path = code/Level.as; sourceTree = "<group>"; };
		7AD0D08A13C03E5A00E5A811 /* NPC.as */ = {isa = PBXFileReference; explicitFileType = sourcecode.javascript; fileEncoding = 4; name = NPC.as; path = code/NPC.as; sourceTree = "<group>"; };
		7ADDAF1113C6CF8C00D799FE /* UI.as */ = {isa = PBXFileReference; explicitFileType = sourcecode.javascript; fileEncoding = 4; name = UI.as; path = code/UI.as; sourceTree = "<group>"; };
		7ADDAF1213C6D28700D799FE /* PossessionMonitor.as */ = {isa = PBXFileReference; explicitFileType = sourcecode.javascript; fileEncoding = 4; name = PossessionMonitor.as; path = code/PossessionMonitor.as; sourceTree = "<group>"; };
		7AE34BB313C04D1800F5B66A /* EncryptionKeyGenerator.as */ = {isa = PBXFileReference; fileEncoding = 4; lastKnownFileType = text; path = EncryptionKeyGenerator.as; sourceTree = "<group>"; };
		7AE34BB613C04D1800F5B66A /* FileMonitorEvent.as */ = {isa = PBXFileReference; fileEncoding = 4; lastKnownFileType = text; path = FileMonitorEvent.as; sourceTree = "<group>"; };
		7AE34BB713C04D1800F5B66A /* FileMonitor.as */ = {isa = PBXFileReference; fileEncoding = 4; lastKnownFileType = text; path = FileMonitor.as; sourceTree = "<group>"; };
		7AE34BB813C04D1800F5B66A /* FileUtil.as */ = {isa = PBXFileReference; fileEncoding = 4; lastKnownFileType = text; path = FileUtil.as; sourceTree = "<group>"; };
		7AE34BB913C04D1800F5B66A /* VolumeMonitor.as */ = {isa = PBXFileReference; fileEncoding = 4; lastKnownFileType = text; path = VolumeMonitor.as; sourceTree = "<group>"; };
		7AE34BBB13C04D1800F5B66A /* FileTarget.as */ = {isa = PBXFileReference; fileEncoding = 4; lastKnownFileType = text; path = FileTarget.as; sourceTree = "<group>"; };
		7AE34BBE13C04D1800F5B66A /* ResourceCacheEvent.as */ = {isa = PBXFileReference; fileEncoding = 4; lastKnownFileType = text; path = ResourceCacheEvent.as; sourceTree = "<group>"; };
		7AE34BBF13C04D1800F5B66A /* ResourceCache.as */ = {isa = PBXFileReference; fileEncoding = 4; lastKnownFileType = text; path = ResourceCache.as; sourceTree = "<group>"; };
		7AE34BC113C04D1800F5B66A /* HMAC.as */ = {isa = PBXFileReference; fileEncoding = 4; lastKnownFileType = text; path = HMAC.as; sourceTree = "<group>"; };
		7AE34BC213C04D1800F5B66A /* MD5.as */ = {isa = PBXFileReference; fileEncoding = 4; lastKnownFileType = text; path = MD5.as; sourceTree = "<group>"; };
		7AE34BC313C04D1800F5B66A /* MD5Stream.as */ = {isa = PBXFileReference; fileEncoding = 4; lastKnownFileType = text; path = MD5Stream.as; sourceTree = "<group>"; };
		7AE34BC413C04D1800F5B66A /* SHA1.as */ = {isa = PBXFileReference; fileEncoding = 4; lastKnownFileType = text; path = SHA1.as; sourceTree = "<group>"; };
		7AE34BC513C04D1800F5B66A /* SHA224.as */ = {isa = PBXFileReference; fileEncoding = 4; lastKnownFileType = text; path = SHA224.as; sourceTree = "<group>"; };
		7AE34BC613C04D1800F5B66A /* SHA256.as */ = {isa = PBXFileReference; fileEncoding = 4; lastKnownFileType = text; path = SHA256.as; sourceTree = "<group>"; };
		7AE34BC713C04D1800F5B66A /* WSSEUsernameToken.as */ = {isa = PBXFileReference; fileEncoding = 4; lastKnownFileType = text; path = WSSEUsernameToken.as; sourceTree = "<group>"; };
		7AE34BC913C04D1800F5B66A /* IllegalStateError.as */ = {isa = PBXFileReference; fileEncoding = 4; lastKnownFileType = text; path = IllegalStateError.as; sourceTree = "<group>"; };
		7AE34BCC13C04D1800F5B66A /* Address.as */ = {isa = PBXFileReference; fileEncoding = 4; lastKnownFileType = text; path = Address.as; sourceTree = "<group>"; };
		7AE34BCD13C04D1800F5B66A /* Email.as */ = {isa = PBXFileReference; fileEncoding = 4; lastKnownFileType = text; path = Email.as; sourceTree = "<group>"; };
		7AE34BCE13C04D1800F5B66A /* Phone.as */ = {isa = PBXFileReference; fileEncoding = 4; lastKnownFileType = text; path = Phone.as; sourceTree = "<group>"; };
		7AE34BCF13C04D1800F5B66A /* VCard.as */ = {isa = PBXFileReference; fileEncoding = 4; lastKnownFileType = text; path = VCard.as; sourceTree = "<group>"; };
		7AE34BD013C04D1800F5B66A /* VCardParser.as */ = {isa = PBXFileReference; fileEncoding = 4; lastKnownFileType = text; path = VCardParser.as; sourceTree = "<group>"; };
		7AE34BD213C04D1800F5B66A /* BitString.as */ = {isa = PBXFileReference; fileEncoding = 4; lastKnownFileType = text; path = BitString.as; sourceTree = "<group>"; };
		7AE34BD313C04D1800F5B66A /* JPGEncoder.as */ = {isa = PBXFileReference; fileEncoding = 4; lastKnownFileType = text; path = JPGEncoder.as; sourceTree = "<group>"; };
		7AE34BD413C04D1800F5B66A /* PNGEncoder.as */ = {isa = PBXFileReference; fileEncoding = 4; lastKnownFileType = text; path = PNGEncoder.as; sourceTree = "<group>"; };
		7AE34BD613C04D1800F5B66A /* DynamicURLLoader.as */ = {isa = PBXFileReference; fileEncoding = 4; lastKnownFileType = text; path = DynamicURLLoader.as; sourceTree = "<group>"; };
		7AE34BD713C04D1800F5B66A /* IURIResolver.as */ = {isa = PBXFileReference; fileEncoding = 4; lastKnownFileType = text; path = IURIResolver.as; sourceTree = "<group>"; };
		7AE34BD813C04D1800F5B66A /* MimeTypeMap.as */ = {isa = PBXFileReference; fileEncoding = 4; lastKnownFileType = text; path = MimeTypeMap.as; sourceTree = "<group>"; };
		7AE34BDA13C04D1800F5B66A /* RFC2817Socket.as */ = {isa = PBXFileReference; fileEncoding = 4; lastKnownFileType = text; path = RFC2817Socket.as; sourceTree = "<group>"; };
		7AE34BDB13C04D1800F5B66A /* URI.as */ = {isa = PBXFileReference; fileEncoding = 4; lastKnownFileType = text; path = URI.as; sourceTree = "<group>"; };
		7AE34BDC13C04D1800F5B66A /* URIEncodingBitmap.as */ = {isa = PBXFileReference; fileEncoding = 4; lastKnownFileType = text; path = URIEncodingBitmap.as; sourceTree = "<group>"; };
		7AE34BDF13C04D1800F5B66A /* Database.as */ = {isa = PBXFileReference; fileEncoding = 4; lastKnownFileType = text; path = Database.as; sourceTree = "<group>"; };
		7AE34BE013C04D1800F5B66A /* Definition.as */ = {isa = PBXFileReference; fileEncoding = 4; lastKnownFileType = text; path = Definition.as; sourceTree = "<group>"; };
		7AE34BE113C04D1800F5B66A /* Dict.as */ = {isa = PBXFileReference; fileEncoding = 4; lastKnownFileType = text; path = Dict.as; sourceTree = "<group>"; };
		7AE34BE213C04D1800F5B66A /* DictionaryServer.as */ = {isa = PBXFileReference; fileEncoding = 4; lastKnownFileType = text; path = DictionaryServer.as; sourceTree = "<group>"; };
		7AE34BE413C04D1800F5B66A /* ConnectedEvent.as */ = {isa = PBXFileReference; fileEncoding = 4; lastKnownFileType = text; path = ConnectedEvent.as; sourceTree = "<group>"; };
		7AE34BE513C04D1800F5B66A /* DatabaseEvent.as */ = {isa = PBXFileReference; fileEncoding = 4; lastKnownFileType = text; path = DatabaseEvent.as; sourceTree = "<group>"; };
		7AE34BE613C04D1800F5B66A /* DefinitionEvent.as */ = {isa = PBXFileReference; fileEncoding = 4; lastKnownFileType = text; path = DefinitionEvent.as; sourceTree = "<group>"; };
		7AE34BE713C04D1800F5B66A /* DefinitionHeaderEvent.as */ = {isa = PBXFileReference; fileEncoding = 4; lastKnownFileType = text; path = DefinitionHeaderEvent.as; sourceTree = "<group>"; };
		7AE34BE813C04D1800F5B66A /* DictionaryServerEvent.as */ = {isa = PBXFileReference; fileEncoding = 4; lastKnownFileType = text; path = DictionaryServerEvent.as; sourceTree = "<group>"; };
		7AE34BE913C04D1800F5B66A /* DisconnectedEvent.as */ = {isa = PBXFileReference; fileEncoding = 4; lastKnownFileType = text; path = DisconnectedEvent.as; sourceTree = "<group>"; };
		7AE34BEA13C04D1800F5B66A /* ErrorEvent.as */ = {isa = PBXFileReference; fileEncoding = 4; lastKnownFileType = text; path = ErrorEvent.as; sourceTree = "<group>"; };
		7AE34BEB13C04D1800F5B66A /* MatchEvent.as */ = {isa = PBXFileReference; fileEncoding = 4; lastKnownFileType = text; path = MatchEvent.as; sourceTree = "<group>"; };
		7AE34BEC13C04D1800F5B66A /* MatchStrategiesEvent.as */ = {isa = PBXFileReference; fileEncoding = 4; lastKnownFileType = text; path = MatchStrategiesEvent.as; sourceTree = "<group>"; };
		7AE34BED13C04D1800F5B66A /* NoMatchEvent.as */ = {isa = PBXFileReference; fileEncoding = 4; lastKnownFileType = text; path = NoMatchEvent.as; sourceTree = "<group>"; };
		7AE34BEE13C04D1800F5B66A /* MatchStrategy.as */ = {isa = PBXFileReference; fileEncoding = 4; lastKnownFileType = text; path = MatchStrategy.as; sourceTree = "<group>"; };
		7AE34BEF13C04D1800F5B66A /* Response.as */ = {isa = PBXFileReference; fileEncoding = 4; lastKnownFileType = text; path = Response.as; sourceTree = "<group>"; };
		7AE34BF113C04D1800F5B66A /* CompleteResponseEvent.as */ = {isa = PBXFileReference; fileEncoding = 4; lastKnownFileType = text; path = CompleteResponseEvent.as; sourceTree = "<group>"; };
		7AE34BF213C04D1800F5B66A /* SocketHelper.as */ = {isa = PBXFileReference; fileEncoding = 4; lastKnownFileType = text; path = SocketHelper.as; sourceTree = "<group>"; };
		7AE34BF513C04D1800F5B66A /* JSON.as */ = {isa = PBXFileReference; explicitFileType = sourcecode.javascript; fileEncoding = 4; path = JSON.as; sourceTree = "<group>"; };
		7AE34BF613C04D1800F5B66A /* JSONDecoder.as */ = {isa = PBXFileReference; explicitFileType = sourcecode.javascript; fileEncoding = 4; path = JSONDecoder.as; sourceTree = "<group>"; };
		7AE34BF713C04D1800F5B66A /* JSONEncoder.as */ = {isa = PBXFileReference; explicitFileType = sourcecode.javascript; fileEncoding = 4; path = JSONEncoder.as; sourceTree = "<group>"; };
		7AE34BF813C04D1800F5B66A /* JSONParseError.as */ = {isa = PBXFileReference; explicitFileType = sourcecode.javascript; fileEncoding = 4; path = JSONParseError.as; sourceTree = "<group>"; };
		7AE34BF913C04D1800F5B66A /* JSONToken.as */ = {isa = PBXFileReference; explicitFileType = sourcecode.javascript; fileEncoding = 4; path = JSONToken.as; sourceTree = "<group>"; };
		7AE34BFA13C04D1800F5B66A /* JSONTokenizer.as */ = {isa = PBXFileReference; explicitFileType = sourcecode.javascript; fileEncoding = 4; path = JSONTokenizer.as; sourceTree = "<group>"; };
		7AE34BFB13C04D1800F5B66A /* JSONTokenType.as */ = {isa = PBXFileReference; explicitFileType = sourcecode.javascript; fileEncoding = 4; path = JSONTokenType.as; sourceTree = "<group>"; };
		7AE34BFD13C04D1800F5B66A /* ArrayUtil.as */ = {isa = PBXFileReference; fileEncoding = 4; lastKnownFileType = text; path = ArrayUtil.as; sourceTree = "<group>"; };
		7AE34BFE13C04D1800F5B66A /* DateUtil.as */ = {isa = PBXFileReference; fileEncoding = 4; lastKnownFileType = text; path = DateUtil.as; sourceTree = "<group>"; };
		7AE34BFF13C04D1800F5B66A /* DictionaryUtil.as */ = {isa = PBXFileReference; fileEncoding = 4; lastKnownFileType = text; path = DictionaryUtil.as; sourceTree = "<group>"; };
		7AE34C0013C04D1800F5B66A /* IntUtil.as */ = {isa = PBXFileReference; fileEncoding = 4; lastKnownFileType = text; path = IntUtil.as; sourceTree = "<group>"; };
		7AE34C0113C04D1800F5B66A /* NumberFormatter.as */ = {isa = PBXFileReference; fileEncoding = 4; lastKnownFileType = text; path = NumberFormatter.as; sourceTree = "<group>"; };
		7AE34C0213C04D1800F5B66A /* StringUtil.as */ = {isa = PBXFileReference; fileEncoding = 4; lastKnownFileType = text; path = StringUtil.as; sourceTree = "<group>"; };
		7AE34C0313C04D1800F5B66A /* XMLUtil.as */ = {isa = PBXFileReference; fileEncoding = 4; lastKnownFileType = text; path = XMLUtil.as; sourceTree = "<group>"; };
		7AE34C0613C04D1800F5B66A /* ServiceEvent.as */ = {isa = PBXFileReference; fileEncoding = 4; lastKnownFileType = text; path = ServiceEvent.as; sourceTree = "<group>"; };
		7AE34C0713C04D1800F5B66A /* ServiceBase.as */ = {isa = PBXFileReference; fileEncoding = 4; lastKnownFileType = text; path = ServiceBase.as; sourceTree = "<group>"; };
		7AE34C0813C04D1800F5B66A /* URLLoaderBase.as */ = {isa = PBXFileReference; fileEncoding = 4; lastKnownFileType = text; path = URLLoaderBase.as; sourceTree = "<group>"; };
/* End PBXFileReference section */

/* Begin PBXGroup section */
		7A36537113CA79FC003B93C9 /* Level */ = {
			isa = PBXGroup;
			children = (
				7AD0D08813BFA0BE00E5A811 /* Level.as */,
			);
			name = Level;
			sourceTree = "<group>";
		};
		7ABC6EC413BEF7F50007FF9B /* Util */ = {
			isa = PBXGroup;
			children = (
				7ABC6EC513BEF81D0007FF9B /* MathUtil.as */,
			);
			name = Util;
			sourceTree = "<group>";
		};
		7AC8112C13BE403200656C2A = {
			isa = PBXGroup;
			children = (
				7AC8119813BE423E00656C2A /* Game */,
				7AC8114813BE420D00656C2A /* Flixel */,
				7AE34BAD13C04CE000F5B66A /* Lib */,
				7AC8119713BE422E00656C2A /* Support */,
				7AD0D08613BF9F7F00E5A811 /* Resources */,
			);
			sourceTree = "<group>";
		};
		7AC8114813BE420D00656C2A /* Flixel */ = {
			isa = PBXGroup;
			children = (
				7AC8114913BE420D00656C2A /* data */,
				7AC8116113BE420D00656C2A /* FlxBasic.as */,
				7AC8116213BE420D00656C2A /* FlxButton.as */,
				7AC8116313BE420D00656C2A /* FlxCamera.as */,
				7AC8116413BE420D00656C2A /* FlxEmitter.as */,
				7AC8116513BE420D00656C2A /* FlxG.as */,
				7AC8116613BE420D00656C2A /* FlxGame.as */,
				7AC8116713BE420D00656C2A /* FlxGroup.as */,
				7AC8116813BE420D00656C2A /* FlxObject.as */,
				7AC8116913BE420D00656C2A /* FlxParticle.as */,
				7AC8116A13BE420D00656C2A /* FlxPath.as */,
				7AC8116B13BE420D00656C2A /* FlxPoint.as */,
				7AC8116C13BE420D00656C2A /* FlxRect.as */,
				7AC8116D13BE420D00656C2A /* FlxSave.as */,
				7AC8116E13BE420D00656C2A /* FlxSound.as */,
				7AC8116F13BE420D00656C2A /* FlxSprite.as */,
				7AC8117013BE420D00656C2A /* FlxState.as */,
				7AC8117113BE420D00656C2A /* FlxText.as */,
				7AC8117213BE420D00656C2A /* FlxTileblock.as */,
				7AC8117313BE420D00656C2A /* FlxTilemap.as */,
				7AC8117413BE420D00656C2A /* FlxTimer.as */,
				7AC8117513BE420D00656C2A /* FlxU.as */,
				7AC8117613BE420D00656C2A /* plugin */,
				7AC8117913BE420D00656C2A /* system */,
			);
			name = Flixel;
			path = code/org/flixel;
			sourceTree = "<group>";
		};
		7AC8114913BE420D00656C2A /* data */ = {
			isa = PBXGroup;
			children = (
				7AC8114A13BE420D00656C2A /* autotiles.png */,
				7AC8114B13BE420D00656C2A /* autotiles_alt.png */,
				7AC8114C13BE420D00656C2A /* beep.mp3 */,
				7AC8114D13BE420D00656C2A /* button.png */,
				7AC8114E13BE420D00656C2A /* cursor.png */,
				7AC8114F13BE420D00656C2A /* default.png */,
				7AC8115013BE420D00656C2A /* handle.png */,
				7AC8115113BE420D00656C2A /* logo.png */,
				7AC8115213BE420D00656C2A /* logo_corners.png */,
				7AC8115313BE420D00656C2A /* logo_light.png */,
				7AC8115413BE420D00656C2A /* nokiafc22.ttf */,
				7AC8115513BE420D00656C2A /* vcr */,
				7AC8115F13BE420D00656C2A /* vis */,
			);
			path = data;
			sourceTree = "<group>";
		};
		7AC8115513BE420D00656C2A /* vcr */ = {
			isa = PBXGroup;
			children = (
				7AC8115613BE420D00656C2A /* flixel.png */,
				7AC8115713BE420D00656C2A /* open.png */,
				7AC8115813BE420D00656C2A /* pause.png */,
				7AC8115913BE420D00656C2A /* play.png */,
				7AC8115A13BE420D00656C2A /* record_off.png */,
				7AC8115B13BE420D00656C2A /* record_on.png */,
				7AC8115C13BE420D00656C2A /* restart.png */,
				7AC8115D13BE420D00656C2A /* step.png */,
				7AC8115E13BE420D00656C2A /* stop.png */,
			);
			path = vcr;
			sourceTree = "<group>";
		};
		7AC8115F13BE420D00656C2A /* vis */ = {
			isa = PBXGroup;
			children = (
				7AC8116013BE420D00656C2A /* bounds.png */,
			);
			path = vis;
			sourceTree = "<group>";
		};
		7AC8117613BE420D00656C2A /* plugin */ = {
			isa = PBXGroup;
			children = (
				7AC8117713BE420D00656C2A /* DebugPathDisplay.as */,
				7AC8117813BE420D00656C2A /* TimerManager.as */,
			);
			path = plugin;
			sourceTree = "<group>";
		};
		7AC8117913BE420D00656C2A /* system */ = {
			isa = PBXGroup;
			children = (
				7AC8117A13BE420D00656C2A /* debug */,
				7AC8118113BE420D00656C2A /* FlxAnim.as */,
				7AC8118213BE420D00656C2A /* FlxDebugger.as */,
				7AC8118313BE420D00656C2A /* FlxList.as */,
				7AC8118413BE420D00656C2A /* FlxPreloader.as */,
				7AC8118513BE420D00656C2A /* FlxQuadTree.as */,
				7AC8118613BE420D00656C2A /* FlxReplay.as */,
				7AC8118713BE420D00656C2A /* FlxTile.as */,
				7AC8118813BE420D00656C2A /* FlxTilemapBuffer.as */,
				7AC8118913BE420D00656C2A /* FlxWindow.as */,
				7AC8118A13BE420D00656C2A /* input */,
				7AC8118E13BE420D00656C2A /* replay */,
			);
			path = system;
			sourceTree = "<group>";
		};
		7AC8117A13BE420D00656C2A /* debug */ = {
			isa = PBXGroup;
			children = (
				7AC8117B13BE420D00656C2A /* Log.as */,
				7AC8117C13BE420D00656C2A /* Perf.as */,
				7AC8117D13BE420D00656C2A /* VCR.as */,
				7AC8117E13BE420D00656C2A /* Vis.as */,
				7AC8117F13BE420D00656C2A /* Watch.as */,
				7AC8118013BE420D00656C2A /* WatchEntry.as */,
			);
			path = debug;
			sourceTree = "<group>";
		};
		7AC8118A13BE420D00656C2A /* input */ = {
			isa = PBXGroup;
			children = (
				7AC8118B13BE420D00656C2A /* Input.as */,
				7AC8118C13BE420D00656C2A /* Keyboard.as */,
				7AC8118D13BE420D00656C2A /* Mouse.as */,
			);
			path = input;
			sourceTree = "<group>";
		};
		7AC8118E13BE420D00656C2A /* replay */ = {
			isa = PBXGroup;
			children = (
				7AC8118F13BE420D00656C2A /* FrameRecord.as */,
				7AC8119013BE420D00656C2A /* MouseRecord.as */,
			);
			path = replay;
			sourceTree = "<group>";
		};
		7AC8119713BE422E00656C2A /* Support */ = {
			isa = PBXGroup;
			children = (
				7AC8119513BE420D00656C2A /* index.html */,
				7AC8119613BE420D00656C2A /* README.md */,
			);
			name = Support;
			sourceTree = "<group>";
		};
		7AC8119813BE423E00656C2A /* Game */ = {
			isa = PBXGroup;
			children = (
				7AC8119B13BE445400656C2A /* States */,
				7AC811AC13BE930300656C2A /* Entities */,
				7A36537113CA79FC003B93C9 /* Level */,
				7ADDAF0F13C6CF7300D799FE /* UI */,
				7ABC6EC413BEF7F50007FF9B /* Util */,
				7AC811A213BE536500656C2A /* Preloader.as */,
				7AC8119913BE427900656C2A /* Game.as */,
				7ABC6EC213BEB4370007FF9B /* Assets.as */,
			);
			name = Game;
			sourceTree = "<group>";
		};
		7AC8119B13BE445400656C2A /* States */ = {
			isa = PBXGroup;
			children = (
				7AC8119A13BE445000656C2A /* MainMenuState.as */,
				7AC811AE13BE98C800656C2A /* LevelSelectState.as */,
				7AC811B013BE9A0100656C2A /* PlayState.as */,
			);
			name = States;
			sourceTree = "<group>";
		};
		7AC811AC13BE930300656C2A /* Entities */ = {
			isa = PBXGroup;
			children = (
				7AC811AD13BE931300656C2A /* EntitySprite.as */,
				7AC811AB13BE8C5000656C2A /* Entity.as */,
				7AC811A913BE8C2200656C2A /* Player.as */,
				7AD0D08A13C03E5A00E5A811 /* NPC.as */,
				7A27D68513C7D02700E05BF1 /* HitBox.as */,
			);
			name = Entities;
			sourceTree = "<group>";
		};
		7AD0D08613BF9F7F00E5A811 /* Resources */ = {
			isa = PBXGroup;
			children = (
				7AD0D08313BF9F7300E5A811 /* fonts */,
				7AD0D08413BF9F7300E5A811 /* images */,
				7AA58F5813CADD7F00D52B24 /* game_data */,
				7AD0D08513BF9F7300E5A811 /* levels */,
			);
			name = Resources;
			sourceTree = "<group>";
		};
		7ADDAF0F13C6CF7300D799FE /* UI */ = {
			isa = PBXGroup;
			children = (
				7ADDAF1113C6CF8C00D799FE /* UI.as */,
				7A27D68813CA627200E05BF1 /* Meter.as */,
				7ADDAF1213C6D28700D799FE /* PossessionMonitor.as */,
				7A27D68713CA5C6600E05BF1 /* KillCounter.as */,
				7AA58F5F13CE627500D52B24 /* LevelTimer.as */,
			);
			name = UI;
			sourceTree = "<group>";
		};
		7AE34BAD13C04CE000F5B66A /* Lib */ = {
			isa = PBXGroup;
			children = (
				7AE34BB013C04D1800F5B66A /* adobe */,
			);
			name = Lib;
			sourceTree = "<group>";
		};
		7AE34BB013C04D1800F5B66A /* adobe */ = {
			isa = PBXGroup;
			children = (
				7AE34BB113C04D1800F5B66A /* air */,
				7AE34BC013C04D1800F5B66A /* crypto */,
				7AE34BC813C04D1800F5B66A /* errors */,
				7AE34BCA13C04D1800F5B66A /* fileformats */,
				7AE34BD113C04D1800F5B66A /* images */,
				7AE34BD513C04D1800F5B66A /* net */,
				7AE34BDD13C04D1800F5B66A /* protocols */,
				7AE34BF313C04D1800F5B66A /* serialization */,
				7AE34BFC13C04D1800F5B66A /* utils */,
				7AE34C0413C04D1800F5B66A /* webapis */,
			);
			name = adobe;
			path = code/com/adobe;
			sourceTree = "<group>";
		};
		7AE34BB113C04D1800F5B66A /* air */ = {
			isa = PBXGroup;
			children = (
				7AE34BB213C04D1800F5B66A /* crypto */,
				7AE34BB413C04D1800F5B66A /* filesystem */,
				7AE34BBA13C04D1800F5B66A /* logging */,
				7AE34BBC13C04D1800F5B66A /* net */,
			);
			path = air;
			sourceTree = "<group>";
		};
		7AE34BB213C04D1800F5B66A /* crypto */ = {
			isa = PBXGroup;
			children = (
				7AE34BB313C04D1800F5B66A /* EncryptionKeyGenerator.as */,
			);
			path = crypto;
			sourceTree = "<group>";
		};
		7AE34BB413C04D1800F5B66A /* filesystem */ = {
			isa = PBXGroup;
			children = (
				7AE34BB513C04D1800F5B66A /* events */,
				7AE34BB713C04D1800F5B66A /* FileMonitor.as */,
				7AE34BB813C04D1800F5B66A /* FileUtil.as */,
				7AE34BB913C04D1800F5B66A /* VolumeMonitor.as */,
			);
			path = filesystem;
			sourceTree = "<group>";
		};
		7AE34BB513C04D1800F5B66A /* events */ = {
			isa = PBXGroup;
			children = (
				7AE34BB613C04D1800F5B66A /* FileMonitorEvent.as */,
			);
			path = events;
			sourceTree = "<group>";
		};
		7AE34BBA13C04D1800F5B66A /* logging */ = {
			isa = PBXGroup;
			children = (
				7AE34BBB13C04D1800F5B66A /* FileTarget.as */,
			);
			path = logging;
			sourceTree = "<group>";
		};
		7AE34BBC13C04D1800F5B66A /* net */ = {
			isa = PBXGroup;
			children = (
				7AE34BBD13C04D1800F5B66A /* events */,
				7AE34BBF13C04D1800F5B66A /* ResourceCache.as */,
			);
			path = net;
			sourceTree = "<group>";
		};
		7AE34BBD13C04D1800F5B66A /* events */ = {
			isa = PBXGroup;
			children = (
				7AE34BBE13C04D1800F5B66A /* ResourceCacheEvent.as */,
			);
			path = events;
			sourceTree = "<group>";
		};
		7AE34BC013C04D1800F5B66A /* crypto */ = {
			isa = PBXGroup;
			children = (
				7AE34BC113C04D1800F5B66A /* HMAC.as */,
				7AE34BC213C04D1800F5B66A /* MD5.as */,
				7AE34BC313C04D1800F5B66A /* MD5Stream.as */,
				7AE34BC413C04D1800F5B66A /* SHA1.as */,
				7AE34BC513C04D1800F5B66A /* SHA224.as */,
				7AE34BC613C04D1800F5B66A /* SHA256.as */,
				7AE34BC713C04D1800F5B66A /* WSSEUsernameToken.as */,
			);
			path = crypto;
			sourceTree = "<group>";
		};
		7AE34BC813C04D1800F5B66A /* errors */ = {
			isa = PBXGroup;
			children = (
				7AE34BC913C04D1800F5B66A /* IllegalStateError.as */,
			);
			path = errors;
			sourceTree = "<group>";
		};
		7AE34BCA13C04D1800F5B66A /* fileformats */ = {
			isa = PBXGroup;
			children = (
				7AE34BCB13C04D1800F5B66A /* vcard */,
			);
			path = fileformats;
			sourceTree = "<group>";
		};
		7AE34BCB13C04D1800F5B66A /* vcard */ = {
			isa = PBXGroup;
			children = (
				7AE34BCC13C04D1800F5B66A /* Address.as */,
				7AE34BCD13C04D1800F5B66A /* Email.as */,
				7AE34BCE13C04D1800F5B66A /* Phone.as */,
				7AE34BCF13C04D1800F5B66A /* VCard.as */,
				7AE34BD013C04D1800F5B66A /* VCardParser.as */,
			);
			path = vcard;
			sourceTree = "<group>";
		};
		7AE34BD113C04D1800F5B66A /* images */ = {
			isa = PBXGroup;
			children = (
				7AE34BD213C04D1800F5B66A /* BitString.as */,
				7AE34BD313C04D1800F5B66A /* JPGEncoder.as */,
				7AE34BD413C04D1800F5B66A /* PNGEncoder.as */,
			);
			path = images;
			sourceTree = "<group>";
		};
		7AE34BD513C04D1800F5B66A /* net */ = {
			isa = PBXGroup;
			children = (
				7AE34BD613C04D1800F5B66A /* DynamicURLLoader.as */,
				7AE34BD713C04D1800F5B66A /* IURIResolver.as */,
				7AE34BD813C04D1800F5B66A /* MimeTypeMap.as */,
				7AE34BD913C04D1800F5B66A /* proxies */,
				7AE34BDB13C04D1800F5B66A /* URI.as */,
				7AE34BDC13C04D1800F5B66A /* URIEncodingBitmap.as */,
			);
			path = net;
			sourceTree = "<group>";
		};
		7AE34BD913C04D1800F5B66A /* proxies */ = {
			isa = PBXGroup;
			children = (
				7AE34BDA13C04D1800F5B66A /* RFC2817Socket.as */,
			);
			path = proxies;
			sourceTree = "<group>";
		};
		7AE34BDD13C04D1800F5B66A /* protocols */ = {
			isa = PBXGroup;
			children = (
				7AE34BDE13C04D1800F5B66A /* dict */,
			);
			path = protocols;
			sourceTree = "<group>";
		};
		7AE34BDE13C04D1800F5B66A /* dict */ = {
			isa = PBXGroup;
			children = (
				7AE34BDF13C04D1800F5B66A /* Database.as */,
				7AE34BE013C04D1800F5B66A /* Definition.as */,
				7AE34BE113C04D1800F5B66A /* Dict.as */,
				7AE34BE213C04D1800F5B66A /* DictionaryServer.as */,
				7AE34BE313C04D1800F5B66A /* events */,
				7AE34BEE13C04D1800F5B66A /* MatchStrategy.as */,
				7AE34BEF13C04D1800F5B66A /* Response.as */,
				7AE34BF013C04D1800F5B66A /* util */,
			);
			path = dict;
			sourceTree = "<group>";
		};
		7AE34BE313C04D1800F5B66A /* events */ = {
			isa = PBXGroup;
			children = (
				7AE34BE413C04D1800F5B66A /* ConnectedEvent.as */,
				7AE34BE513C04D1800F5B66A /* DatabaseEvent.as */,
				7AE34BE613C04D1800F5B66A /* DefinitionEvent.as */,
				7AE34BE713C04D1800F5B66A /* DefinitionHeaderEvent.as */,
				7AE34BE813C04D1800F5B66A /* DictionaryServerEvent.as */,
				7AE34BE913C04D1800F5B66A /* DisconnectedEvent.as */,
				7AE34BEA13C04D1800F5B66A /* ErrorEvent.as */,
				7AE34BEB13C04D1800F5B66A /* MatchEvent.as */,
				7AE34BEC13C04D1800F5B66A /* MatchStrategiesEvent.as */,
				7AE34BED13C04D1800F5B66A /* NoMatchEvent.as */,
			);
			path = events;
			sourceTree = "<group>";
		};
		7AE34BF013C04D1800F5B66A /* util */ = {
			isa = PBXGroup;
			children = (
				7AE34BF113C04D1800F5B66A /* CompleteResponseEvent.as */,
				7AE34BF213C04D1800F5B66A /* SocketHelper.as */,
			);
			path = util;
			sourceTree = "<group>";
		};
		7AE34BF313C04D1800F5B66A /* serialization */ = {
			isa = PBXGroup;
			children = (
				7AE34BF413C04D1800F5B66A /* json */,
			);
			path = serialization;
			sourceTree = "<group>";
		};
		7AE34BF413C04D1800F5B66A /* json */ = {
			isa = PBXGroup;
			children = (
				7AE34BF513C04D1800F5B66A /* JSON.as */,
				7AE34BF613C04D1800F5B66A /* JSONDecoder.as */,
				7AE34BF713C04D1800F5B66A /* JSONEncoder.as */,
				7AE34BF813C04D1800F5B66A /* JSONParseError.as */,
				7AE34BF913C04D1800F5B66A /* JSONToken.as */,
				7AE34BFA13C04D1800F5B66A /* JSONTokenizer.as */,
				7AE34BFB13C04D1800F5B66A /* JSONTokenType.as */,
			);
			path = json;
			sourceTree = "<group>";
		};
		7AE34BFC13C04D1800F5B66A /* utils */ = {
			isa = PBXGroup;
			children = (
				7AE34BFD13C04D1800F5B66A /* ArrayUtil.as */,
				7AE34BFE13C04D1800F5B66A /* DateUtil.as */,
				7AE34BFF13C04D1800F5B66A /* DictionaryUtil.as */,
				7AE34C0013C04D1800F5B66A /* IntUtil.as */,
				7AE34C0113C04D1800F5B66A /* NumberFormatter.as */,
				7AE34C0213C04D1800F5B66A /* StringUtil.as */,
				7AE34C0313C04D1800F5B66A /* XMLUtil.as */,
			);
			path = utils;
			sourceTree = "<group>";
		};
		7AE34C0413C04D1800F5B66A /* webapis */ = {
			isa = PBXGroup;
			children = (
				7AE34C0513C04D1800F5B66A /* events */,
				7AE34C0713C04D1800F5B66A /* ServiceBase.as */,
				7AE34C0813C04D1800F5B66A /* URLLoaderBase.as */,
			);
			path = webapis;
			sourceTree = "<group>";
		};
		7AE34C0513C04D1800F5B66A /* events */ = {
			isa = PBXGroup;
			children = (
				7AE34C0613C04D1800F5B66A /* ServiceEvent.as */,
			);
			path = events;
			sourceTree = "<group>";
		};
/* End PBXGroup section */

/* Begin PBXLegacyTarget section */
		7AC8114113BE40CE00656C2A /* Game */ = {
			isa = PBXLegacyTarget;
			buildArgumentsString = "code/Game.as -static-link-runtime-shared-libraries=true -output ./game.swf";
			buildConfigurationList = 7AC8114413BE40CF00656C2A /* Build configuration list for PBXLegacyTarget "Game" */;
			buildPhases = (
			);
			buildToolPath = /usr/local/flex/bin/mxmlc;
			buildWorkingDirectory = "";
			dependencies = (
			);
			name = Game;
			passBuildSettingsInEnvironment = 1;
			productName = Game;
		};
/* End PBXLegacyTarget section */

/* Begin PBXProject section */
		7AC8112E13BE403200656C2A /* Project object */ = {
			isa = PBXProject;
			attributes = {
				ORGANIZATIONNAME = "Loyola Marymount University";
			};
			buildConfigurationList = 7AC8113113BE403200656C2A /* Build configuration list for PBXProject "game" */;
			compatibilityVersion = "Xcode 3.2";
			developmentRegion = English;
			hasScannedForEncodings = 0;
			knownRegions = (
				en,
			);
			mainGroup = 7AC8112C13BE403200656C2A;
			projectDirPath = "";
			projectRoot = "";
			targets = (
				7AC8114113BE40CE00656C2A /* Game */,
			);
		};
/* End PBXProject section */

/* Begin XCBuildConfiguration section */
		7AC8113313BE403200656C2A /* Debug */ = {
			isa = XCBuildConfiguration;
			buildSettings = {
			};
			name = Debug;
		};
		7AC8113413BE403200656C2A /* Release */ = {
			isa = XCBuildConfiguration;
			buildSettings = {
			};
			name = Release;
		};
		7AC8114213BE40CF00656C2A /* Debug */ = {
			isa = XCBuildConfiguration;
			buildSettings = {
				COPY_PHASE_STRIP = NO;
				PRODUCT_NAME = "$(TARGET_NAME)";
			};
			name = Debug;
		};
		7AC8114313BE40CF00656C2A /* Release */ = {
			isa = XCBuildConfiguration;
			buildSettings = {
				COPY_PHASE_STRIP = YES;
				DEBUG_INFORMATION_FORMAT = "dwarf-with-dsym";
				PRODUCT_NAME = "$(TARGET_NAME)";
			};
			name = Release;
		};
/* End XCBuildConfiguration section */

/* Begin XCConfigurationList section */
		7AC8113113BE403200656C2A /* Build configuration list for PBXProject "game" */ = {
			isa = XCConfigurationList;
			buildConfigurations = (
				7AC8113313BE403200656C2A /* Debug */,
				7AC8113413BE403200656C2A /* Release */,
			);
			defaultConfigurationIsVisible = 0;
			defaultConfigurationName = Release;
		};
		7AC8114413BE40CF00656C2A /* Build configuration list for PBXLegacyTarget "Game" */ = {
			isa = XCConfigurationList;
			buildConfigurations = (
				7AC8114213BE40CF00656C2A /* Debug */,
				7AC8114313BE40CF00656C2A /* Release */,
			);
			defaultConfigurationIsVisible = 0;
			defaultConfigurationName = Release;
		};
/* End XCConfigurationList section */
	};
	rootObject = 7AC8112E13BE403200656C2A /* Project object */;
}
